
Microsoft Visual Studio Solution File, Format Version 12.00
# Visual Studio Version 17
VisualStudioVersion = 17.2.32505.173
MinimumVisualStudioVersion = 10.0.40219.1
Project("{FAE04EC0-301F-11D3-BF4B-00C04F79EFBC}") = "LIbrary Management System", "LIbrary Management System\LIbrary Management System.csproj", "{23DA2885-8F8D-414B-9B90-1A132F9417B8}"
EndProject
Project("{2150E333-8FDC-42A3-9474-1A3956D46DE8}") = "Solution Items", "Solution Items", "{A21A5E55-A81F-4D10-A742-41A0A82A7F0A}"
	ProjectSection(SolutionItems) = preProject
		.editorconfig = .editorconfig
	EndProjectSection
EndProject
Global
	GlobalSection(SolutionConfigurationPlatforms) = preSolution
		Debug|Any CPU = Debug|Any CPU
		Release|Any CPU = Release|Any CPU
	EndGlobalSection
	GlobalSection(ProjectConfigurationPlatforms) = postSolution
		{23DA2885-8F8D-414B-9B90-1A132F9417B8}.Debug|Any CPU.ActiveCfg = Debug|Any CPU
		{23DA2885-8F8D-414B-9B90-1A132F9417B8}.Debug|Any CPU.Build.0 = Debug|Any CPU
		{23DA2885-8F8D-414B-9B90-1A132F9417B8}.Release|Any CPU.ActiveCfg = Release|Any CPU
		{23DA2885-8F8D-414B-9B90-1A132F9417B8}.Release|Any CPU.Build.0 = Release|Any CPU
	EndGlobalSection
	GlobalSection(SolutionProperties) = preSolution
		HideSolutionNode = FALSE
	EndGlobalSection
	GlobalSection(ExtensibilityGlobals) = postSolution
		SolutionGuid = {F8634EB4-722E-4E56-8938-25DAA8C6ABEC}
	EndGlobalSection
EndGlobal
